
Microsoft Visual Studio Solution File, Format Version 12.00
# Visual Studio Version 17
VisualStudioVersion = 17.1.31911.260
MinimumVisualStudioVersion = 10.0.40219.1
Project("{9A19103F-16F7-4668-BE54-9A1E7A4F7556}") = "AdventOfCode2021.Shared", "AdventOfCode2021.Shared\AdventOfCode2021.Shared.csproj", "{E8F09236-4D17-48DE-AE09-ED06289CBF4F}"
EndProject
Project("{9A19103F-16F7-4668-BE54-9A1E7A4F7556}") = "Day01", "Day01\Day01.csproj", "{CD3BE68F-D38C-466A-A8FB-F4C3B017A523}"
EndProject
Project("{2150E333-8FDC-42A3-9474-1A3956D46DE8}") = "Solution Items", "Solution Items", "{E814F337-900D-40AC-8B72-32C69A63A8F7}"
	ProjectSection(SolutionItems) = preProject
		README.md = README.md
	EndProjectSection
EndProject
Global
	GlobalSection(SolutionConfigurationPlatforms) = preSolution
		Debug|Any CPU = Debug|Any CPU
		Release|Any CPU = Release|Any CPU
	EndGlobalSection
	GlobalSection(ProjectConfigurationPlatforms) = postSolution
		{E8F09236-4D17-48DE-AE09-ED06289CBF4F}.Debug|Any CPU.ActiveCfg = Debug|Any CPU
		{E8F09236-4D17-48DE-AE09-ED06289CBF4F}.Debug|Any CPU.Build.0 = Debug|Any CPU
		{E8F09236-4D17-48DE-AE09-ED06289CBF4F}.Release|Any CPU.ActiveCfg = Release|Any CPU
		{E8F09236-4D17-48DE-AE09-ED06289CBF4F}.Release|Any CPU.Build.0 = Release|Any CPU
		{CD3BE68F-D38C-466A-A8FB-F4C3B017A523}.Debug|Any CPU.ActiveCfg = Debug|Any CPU
		{CD3BE68F-D38C-466A-A8FB-F4C3B017A523}.Debug|Any CPU.Build.0 = Debug|Any CPU
		{CD3BE68F-D38C-466A-A8FB-F4C3B017A523}.Release|Any CPU.ActiveCfg = Release|Any CPU
		{CD3BE68F-D38C-466A-A8FB-F4C3B017A523}.Release|Any CPU.Build.0 = Release|Any CPU
	EndGlobalSection
	GlobalSection(SolutionProperties) = preSolution
		HideSolutionNode = FALSE
	EndGlobalSection
	GlobalSection(ExtensibilityGlobals) = postSolution
		SolutionGuid = {73F33E8F-6C0E-4A90-B779-EF642F99700D}
	EndGlobalSection
EndGlobal
